
Microsoft Visual Studio Solution File, Format Version 12.00
# Visual Studio Version 17
VisualStudioVersion = 17.1.32421.90
MinimumVisualStudioVersion = 10.0.40219.1
Project("{FAE04EC0-301F-11D3-BF4B-00C04F79EFBC}") = "A_EstornoFP", "EstornoFP\A_EstornoFP.csproj", "{6E844CBA-705F-4CA6-B75E-2045B64009E0}"
EndProject
Project("{FAE04EC0-301F-11D3-BF4B-00C04F79EFBC}") = "C_DAL", "DAL\C_DAL.csproj", "{70FD2217-0F59-4651-93CC-995E479B949D}"
EndProject
Project("{FAE04EC0-301F-11D3-BF4B-00C04F79EFBC}") = "B_BLL", "BLL\B_BLL.csproj", "{372AA775-CF26-482E-B66C-4C8047E9493A}"
EndProject
Project("{FAE04EC0-301F-11D3-BF4B-00C04F79EFBC}") = "E_Core", "Core\E_Core.csproj", "{ACA59118-3F0D-4EAB-BB41-CD32CACB7183}"
EndProject
Project("{FAE04EC0-301F-11D3-BF4B-00C04F79EFBC}") = "D_DTO", "DTO\D_DTO.csproj", "{7698AFF6-8491-4823-B742-E3E11285C8BC}"
EndProject
Global
	GlobalSection(SolutionConfigurationPlatforms) = preSolution
		Debug|Any CPU = Debug|Any CPU
		Release|Any CPU = Release|Any CPU
	EndGlobalSection
	GlobalSection(ProjectConfigurationPlatforms) = postSolution
		{6E844CBA-705F-4CA6-B75E-2045B64009E0}.Debug|Any CPU.ActiveCfg = Debug|Any CPU
		{6E844CBA-705F-4CA6-B75E-2045B64009E0}.Debug|Any CPU.Build.0 = Debug|Any CPU
		{6E844CBA-705F-4CA6-B75E-2045B64009E0}.Release|Any CPU.ActiveCfg = Release|Any CPU
		{6E844CBA-705F-4CA6-B75E-2045B64009E0}.Release|Any CPU.Build.0 = Release|Any CPU
		{70FD2217-0F59-4651-93CC-995E479B949D}.Debug|Any CPU.ActiveCfg = Debug|Any CPU
		{70FD2217-0F59-4651-93CC-995E479B949D}.Debug|Any CPU.Build.0 = Debug|Any CPU
		{70FD2217-0F59-4651-93CC-995E479B949D}.Release|Any CPU.ActiveCfg = Release|Any CPU
		{70FD2217-0F59-4651-93CC-995E479B949D}.Release|Any CPU.Build.0 = Release|Any CPU
		{372AA775-CF26-482E-B66C-4C8047E9493A}.Debug|Any CPU.ActiveCfg = Debug|Any CPU
		{372AA775-CF26-482E-B66C-4C8047E9493A}.Debug|Any CPU.Build.0 = Debug|Any CPU
		{372AA775-CF26-482E-B66C-4C8047E9493A}.Release|Any CPU.ActiveCfg = Release|Any CPU
		{372AA775-CF26-482E-B66C-4C8047E9493A}.Release|Any CPU.Build.0 = Release|Any CPU
		{ACA59118-3F0D-4EAB-BB41-CD32CACB7183}.Debug|Any CPU.ActiveCfg = Debug|Any CPU
		{ACA59118-3F0D-4EAB-BB41-CD32CACB7183}.Debug|Any CPU.Build.0 = Debug|Any CPU
		{ACA59118-3F0D-4EAB-BB41-CD32CACB7183}.Release|Any CPU.ActiveCfg = Release|Any CPU
		{ACA59118-3F0D-4EAB-BB41-CD32CACB7183}.Release|Any CPU.Build.0 = Release|Any CPU
		{7698AFF6-8491-4823-B742-E3E11285C8BC}.Debug|Any CPU.ActiveCfg = Debug|Any CPU
		{7698AFF6-8491-4823-B742-E3E11285C8BC}.Debug|Any CPU.Build.0 = Debug|Any CPU
		{7698AFF6-8491-4823-B742-E3E11285C8BC}.Release|Any CPU.ActiveCfg = Release|Any CPU
		{7698AFF6-8491-4823-B742-E3E11285C8BC}.Release|Any CPU.Build.0 = Release|Any CPU
	EndGlobalSection
	GlobalSection(SolutionProperties) = preSolution
		HideSolutionNode = FALSE
	EndGlobalSection
	GlobalSection(ExtensibilityGlobals) = postSolution
		SolutionGuid = {AAFCD95F-672F-4D33-8545-DA4A7A11AFBF}
	EndGlobalSection
EndGlobal
